
Microsoft Visual Studio Solution File, Format Version 12.00
# Visual Studio Version 17
VisualStudioVersion = 17.11.35219.272
MinimumVisualStudioVersion = 10.0.40219.1
Project("{FAE04EC0-301F-11D3-BF4B-00C04F79EFBC}") = "Shortener", "Shortener.csproj", "{F8475490-7A7C-44B5-B83A-0649A113FD5D}"
EndProject
Global
	GlobalSection(SolutionConfigurationPlatforms) = preSolution
		Debug|Any CPU = Debug|Any CPU
		Release|Any CPU = Release|Any CPU
	EndGlobalSection
	GlobalSection(ProjectConfigurationPlatforms) = postSolution
		{F8475490-7A7C-44B5-B83A-0649A113FD5D}.Debug|Any CPU.ActiveCfg = Debug|Any CPU
		{F8475490-7A7C-44B5-B83A-0649A113FD5D}.Debug|Any CPU.Build.0 = Debug|Any CPU
		{F8475490-7A7C-44B5-B83A-0649A113FD5D}.Release|Any CPU.ActiveCfg = Release|Any CPU
		{F8475490-7A7C-44B5-B83A-0649A113FD5D}.Release|Any CPU.Build.0 = Release|Any CPU
	EndGlobalSection
	GlobalSection(SolutionProperties) = preSolution
		HideSolutionNode = FALSE
	EndGlobalSection
	GlobalSection(ExtensibilityGlobals) = postSolution
		SolutionGuid = {BD79F5D8-0BE4-4ECC-B381-DA76E13109B7}
	EndGlobalSection
EndGlobal
